
Microsoft Visual Studio Solution File, Format Version 12.00
# Visual Studio Version 17
VisualStudioVersion = 17.9.34728.123
MinimumVisualStudioVersion = 10.0.40219.1
Project("{2150E333-8FDC-42A3-9474-1A3956D46DE8}") = "Solution items", "Solution items", "{F8E8AE6C-C1B2-4087-B234-9A81FCA22D0B}"
	ProjectSection(SolutionItems) = preProject
		.gitignore = .gitignore
	EndProjectSection
EndProject
Project("{2150E333-8FDC-42A3-9474-1A3956D46DE8}") = "src", "src", "{D712526C-CD94-4B9F-804B-BFC15F3F83B4}"
EndProject
Project("{2150E333-8FDC-42A3-9474-1A3956D46DE8}") = "test", "test", "{19240622-3A86-42EA-9F84-076CF5B17D1A}"
EndProject
Project("{9A19103F-16F7-4668-BE54-9A1E7A4F7556}") = "HSM.API", "src\HSM.API\HSM.API.csproj", "{6FF858F8-C97B-40F9-AE75-E597951B07A6}"
EndProject
Project("{9A19103F-16F7-4668-BE54-9A1E7A4F7556}") = "HSM.Domain", "src\HSM.Domain\HSM.Domain.csproj", "{317F06B6-858F-4913-A3A4-2B0735BFB11B}"
EndProject
Project("{9A19103F-16F7-4668-BE54-9A1E7A4F7556}") = "HSM.Contract", "src\HSM.Contract\HSM.Contract.csproj", "{0C650D3F-D1F9-411F-AD56-7EA353E17E17}"
EndProject
Project("{9A19103F-16F7-4668-BE54-9A1E7A4F7556}") = "HSM.Application", "src\HSM.Application\HSM.Application.csproj", "{4FC9569A-FAF3-4B8D-857B-6D8ACCAE0824}"
EndProject
Project("{9A19103F-16F7-4668-BE54-9A1E7A4F7556}") = "HSM.Infrastructure", "src\HSM.Infrastructure\HSM.Infrastructure.csproj", "{F55B9DC3-70D9-42F7-8A74-8BC3A53C1BBA}"
EndProject
Project("{9A19103F-16F7-4668-BE54-9A1E7A4F7556}") = "HSM.Persistance", "src\HSM.Persistance\HSM.Persistance.csproj", "{F4A1B7DA-3DF3-4E19-AEC7-C0A6FE379028}"
EndProject
Project("{9A19103F-16F7-4668-BE54-9A1E7A4F7556}") = "HSM.Presentation", "src\HSM.Presentation\HSM.Presentation.csproj", "{4DE13C0A-7ECC-4470-A89B-6EB9B46AB23E}"
EndProject
Project("{54A90642-561A-4BB1-A94E-469ADEE60C69}") = "hms.frontend", "HMS.FrontEnd\hms.frontend.esproj", "{CFC013AC-5722-40DB-9127-05B9BFA60814}"
EndProject
Global
	GlobalSection(SolutionConfigurationPlatforms) = preSolution
		Debug|Any CPU = Debug|Any CPU
		Release|Any CPU = Release|Any CPU
	EndGlobalSection
	GlobalSection(ProjectConfigurationPlatforms) = postSolution
		{6FF858F8-C97B-40F9-AE75-E597951B07A6}.Debug|Any CPU.ActiveCfg = Debug|Any CPU
		{6FF858F8-C97B-40F9-AE75-E597951B07A6}.Debug|Any CPU.Build.0 = Debug|Any CPU
		{6FF858F8-C97B-40F9-AE75-E597951B07A6}.Release|Any CPU.ActiveCfg = Release|Any CPU
		{6FF858F8-C97B-40F9-AE75-E597951B07A6}.Release|Any CPU.Build.0 = Release|Any CPU
		{317F06B6-858F-4913-A3A4-2B0735BFB11B}.Debug|Any CPU.ActiveCfg = Debug|Any CPU
		{317F06B6-858F-4913-A3A4-2B0735BFB11B}.Debug|Any CPU.Build.0 = Debug|Any CPU
		{317F06B6-858F-4913-A3A4-2B0735BFB11B}.Release|Any CPU.ActiveCfg = Release|Any CPU
		{317F06B6-858F-4913-A3A4-2B0735BFB11B}.Release|Any CPU.Build.0 = Release|Any CPU
		{0C650D3F-D1F9-411F-AD56-7EA353E17E17}.Debug|Any CPU.ActiveCfg = Debug|Any CPU
		{0C650D3F-D1F9-411F-AD56-7EA353E17E17}.Debug|Any CPU.Build.0 = Debug|Any CPU
		{0C650D3F-D1F9-411F-AD56-7EA353E17E17}.Release|Any CPU.ActiveCfg = Release|Any CPU
		{0C650D3F-D1F9-411F-AD56-7EA353E17E17}.Release|Any CPU.Build.0 = Release|Any CPU
		{4FC9569A-FAF3-4B8D-857B-6D8ACCAE0824}.Debug|Any CPU.ActiveCfg = Debug|Any CPU
		{4FC9569A-FAF3-4B8D-857B-6D8ACCAE0824}.Debug|Any CPU.Build.0 = Debug|Any CPU
		{4FC9569A-FAF3-4B8D-857B-6D8ACCAE0824}.Release|Any CPU.ActiveCfg = Release|Any CPU
		{4FC9569A-FAF3-4B8D-857B-6D8ACCAE0824}.Release|Any CPU.Build.0 = Release|Any CPU
		{F55B9DC3-70D9-42F7-8A74-8BC3A53C1BBA}.Debug|Any CPU.ActiveCfg = Debug|Any CPU
		{F55B9DC3-70D9-42F7-8A74-8BC3A53C1BBA}.Debug|Any CPU.Build.0 = Debug|Any CPU
		{F55B9DC3-70D9-42F7-8A74-8BC3A53C1BBA}.Release|Any CPU.ActiveCfg = Release|Any CPU
		{F55B9DC3-70D9-42F7-8A74-8BC3A53C1BBA}.Release|Any CPU.Build.0 = Release|Any CPU
		{F4A1B7DA-3DF3-4E19-AEC7-C0A6FE379028}.Debug|Any CPU.ActiveCfg = Debug|Any CPU
		{F4A1B7DA-3DF3-4E19-AEC7-C0A6FE379028}.Debug|Any CPU.Build.0 = Debug|Any CPU
		{F4A1B7DA-3DF3-4E19-AEC7-C0A6FE379028}.Release|Any CPU.ActiveCfg = Release|Any CPU
		{F4A1B7DA-3DF3-4E19-AEC7-C0A6FE379028}.Release|Any CPU.Build.0 = Release|Any CPU
		{4DE13C0A-7ECC-4470-A89B-6EB9B46AB23E}.Debug|Any CPU.ActiveCfg = Debug|Any CPU
		{4DE13C0A-7ECC-4470-A89B-6EB9B46AB23E}.Debug|Any CPU.Build.0 = Debug|Any CPU
		{4DE13C0A-7ECC-4470-A89B-6EB9B46AB23E}.Release|Any CPU.ActiveCfg = Release|Any CPU
		{4DE13C0A-7ECC-4470-A89B-6EB9B46AB23E}.Release|Any CPU.Build.0 = Release|Any CPU
		{CFC013AC-5722-40DB-9127-05B9BFA60814}.Debug|Any CPU.ActiveCfg = Debug|Any CPU
		{CFC013AC-5722-40DB-9127-05B9BFA60814}.Debug|Any CPU.Build.0 = Debug|Any CPU
		{CFC013AC-5722-40DB-9127-05B9BFA60814}.Debug|Any CPU.Deploy.0 = Debug|Any CPU
		{CFC013AC-5722-40DB-9127-05B9BFA60814}.Release|Any CPU.ActiveCfg = Release|Any CPU
		{CFC013AC-5722-40DB-9127-05B9BFA60814}.Release|Any CPU.Build.0 = Release|Any CPU
		{CFC013AC-5722-40DB-9127-05B9BFA60814}.Release|Any CPU.Deploy.0 = Release|Any CPU
	EndGlobalSection
	GlobalSection(SolutionProperties) = preSolution
		HideSolutionNode = FALSE
	EndGlobalSection
	GlobalSection(NestedProjects) = preSolution
		{6FF858F8-C97B-40F9-AE75-E597951B07A6} = {D712526C-CD94-4B9F-804B-BFC15F3F83B4}
		{317F06B6-858F-4913-A3A4-2B0735BFB11B} = {D712526C-CD94-4B9F-804B-BFC15F3F83B4}
		{0C650D3F-D1F9-411F-AD56-7EA353E17E17} = {D712526C-CD94-4B9F-804B-BFC15F3F83B4}
		{4FC9569A-FAF3-4B8D-857B-6D8ACCAE0824} = {D712526C-CD94-4B9F-804B-BFC15F3F83B4}
		{F55B9DC3-70D9-42F7-8A74-8BC3A53C1BBA} = {D712526C-CD94-4B9F-804B-BFC15F3F83B4}
		{F4A1B7DA-3DF3-4E19-AEC7-C0A6FE379028} = {D712526C-CD94-4B9F-804B-BFC15F3F83B4}
		{4DE13C0A-7ECC-4470-A89B-6EB9B46AB23E} = {D712526C-CD94-4B9F-804B-BFC15F3F83B4}
		{CFC013AC-5722-40DB-9127-05B9BFA60814} = {D712526C-CD94-4B9F-804B-BFC15F3F83B4}
	EndGlobalSection
	GlobalSection(ExtensibilityGlobals) = postSolution
		SolutionGuid = {2000A04A-7F96-4AAF-8F62-12E4C4EE5CE5}
	EndGlobalSection
EndGlobal
